// !$*UTF8*$!
{
	archiveVersion = 1;
	classes = {
	};
	objectVersion = 55;
	objects = {

/* Begin PBXBuildFile section */
		1402411A28F6CCBD002FB354 /* HikeBadge.swift in Sources */ = {isa = PBXBuildFile; fileRef = 1402411928F6CCBD002FB354 /* HikeBadge.swift */; };
		1418FEC928D5E36900ADB146 /* CircleImage.swift in Sources */ = {isa = PBXBuildFile; fileRef = 1418FEC828D5E36900ADB146 /* CircleImage.swift */; };
		1418FECD28D60AF300ADB146 /* MapView.swift in Sources */ = {isa = PBXBuildFile; fileRef = 1418FECC28D60AF300ADB146 /* MapView.swift */; };
		141D642428D7DB5B00AE98F3 /* landmarkData.json in Resources */ = {isa = PBXBuildFile; fileRef = 141D642328D7DB5B00AE98F3 /* landmarkData.json */; };
		141D642628D7DC5000AE98F3 /* Landmark.swift in Sources */ = {isa = PBXBuildFile; fileRef = 141D642528D7DC5000AE98F3 /* Landmark.swift */; };
		141D642828D7E28800AE98F3 /* ModelData.swift in Sources */ = {isa = PBXBuildFile; fileRef = 141D642728D7E28800AE98F3 /* ModelData.swift */; };
		141FA21728E34B68005190EC /* hikeData.json in Resources */ = {isa = PBXBuildFile; fileRef = 141FA21628E34B68005190EC /* hikeData.json */; };
		141FA21928E34BC5005190EC /* Hike.swift in Sources */ = {isa = PBXBuildFile; fileRef = 141FA21828E34BC5005190EC /* Hike.swift */; };
		1425BED928E0994C00C9B15E /* BadgeSymbol.swift in Sources */ = {isa = PBXBuildFile; fileRef = 1425BED828E0994C00C9B15E /* BadgeSymbol.swift */; };
		1434680228F64312008C0384 /* Profile.swift in Sources */ = {isa = PBXBuildFile; fileRef = 1434680128F64312008C0384 /* Profile.swift */; };
		1434680728F64F87008C0384 /* ProfileHost.swift in Sources */ = {isa = PBXBuildFile; fileRef = 1434680628F64F87008C0384 /* ProfileHost.swift */; };
		1434680928F650A4008C0384 /* ProfileSummary.swift in Sources */ = {isa = PBXBuildFile; fileRef = 1434680828F650A3008C0384 /* ProfileSummary.swift */; };
		1445CF8928DEE3620071FB8E /* HexagonParameters.swift in Sources */ = {isa = PBXBuildFile; fileRef = 1445CF8828DEE3620071FB8E /* HexagonParameters.swift */; };
		144C2C8428D83C7800712D44 /* LandmarkRow.swift in Sources */ = {isa = PBXBuildFile; fileRef = 144C2C8328D83C7800712D44 /* LandmarkRow.swift */; };
		144DF9C528E49DA400CECADA /* HikeView.swift in Sources */ = {isa = PBXBuildFile; fileRef = 144DF9C128E49DA400CECADA /* HikeView.swift */; };
		144DF9C628E49DA400CECADA /* HikeGraph.swift in Sources */ = {isa = PBXBuildFile; fileRef = 144DF9C228E49DA400CECADA /* HikeGraph.swift */; };
		144DF9C728E49DA400CECADA /* HikeDetail.swift in Sources */ = {isa = PBXBuildFile; fileRef = 144DF9C328E49DA400CECADA /* HikeDetail.swift */; };
		144DF9C828E49DA400CECADA /* GraphCapsule.swift in Sources */ = {isa = PBXBuildFile; fileRef = 144DF9C428E49DA400CECADA /* GraphCapsule.swift */; };
		146D205628DB47BB00D0A257 /* LandmarkList.swift in Sources */ = {isa = PBXBuildFile; fileRef = 146D205528DB47BB00D0A257 /* LandmarkList.swift */; };
		146D205A28DB4BB300D0A257 /* LandmarkDetail.swift in Sources */ = {isa = PBXBuildFile; fileRef = 146D205928DB4BB300D0A257 /* LandmarkDetail.swift */; };
		147AEC3628DEA47400C6970F /* FavoriteButton.swift in Sources */ = {isa = PBXBuildFile; fileRef = 147AEC3528DEA47400C6970F /* FavoriteButton.swift */; };
		1494325828DF513F0034ACCC /* BadgeBackground.swift in Sources */ = {isa = PBXBuildFile; fileRef = 1494325728DF513F0034ACCC /* BadgeBackground.swift */; };
		14AF81BE28E1EE2A009B4BE1 /* Badge.swift in Sources */ = {isa = PBXBuildFile; fileRef = 14AF81BD28E1EE2A009B4BE1 /* Badge.swift */; };
		14AF81C028E1F0A2009B4BE1 /* RotatedBadgeSymbol.swift in Sources */ = {isa = PBXBuildFile; fileRef = 14AF81BF28E1F0A2009B4BE1 /* RotatedBadgeSymbol.swift */; };
		14BC2BEA28E9D96700226576 /* CategoryRow.swift in Sources */ = {isa = PBXBuildFile; fileRef = 14BC2BE928E9D96700226576 /* CategoryRow.swift */; };
		14BC2BEC28E9E0B600226576 /* CategoryItem.swift in Sources */ = {isa = PBXBuildFile; fileRef = 14BC2BEB28E9E0B600226576 /* CategoryItem.swift */; };
		14E6778128D220B100A835D9 /* LandmarksApp.swift in Sources */ = {isa = PBXBuildFile; fileRef = 14E6778028D220B100A835D9 /* LandmarksApp.swift */; };
		14E6778328D220B100A835D9 /* ContentView.swift in Sources */ = {isa = PBXBuildFile; fileRef = 14E6778228D220B100A835D9 /* ContentView.swift */; };
		14E6778528D220B600A835D9 /* Assets.xcassets in Resources */ = {isa = PBXBuildFile; fileRef = 14E6778428D220B600A835D9 /* Assets.xcassets */; };
		14E6778828D220B600A835D9 /* Preview Assets.xcassets in Resources */ = {isa = PBXBuildFile; fileRef = 14E6778728D220B600A835D9 /* Preview Assets.xcassets */; };
		14F9F5C228E5985100329B5F /* CategoryHome.swift in Sources */ = {isa = PBXBuildFile; fileRef = 14F9F5C128E5985000329B5F /* CategoryHome.swift */; };
/* End PBXBuildFile section */

/* Begin PBXFileReference section */
		1402411928F6CCBD002FB354 /* HikeBadge.swift */ = {isa = PBXFileReference; lastKnownFileType = sourcecode.swift; path = HikeBadge.swift; sourceTree = "<group>"; };
		1418FEC828D5E36900ADB146 /* CircleImage.swift */ = {isa = PBXFileReference; lastKnownFileType = sourcecode.swift; path = CircleImage.swift; sourceTree = "<group>"; tabWidth = 4; };
		1418FECC28D60AF300ADB146 /* MapView.swift */ = {isa = PBXFileReference; lastKnownFileType = sourcecode.swift; path = MapView.swift; sourceTree = "<group>"; };
		141D642328D7DB5B00AE98F3 /* landmarkData.json */ = {isa = PBXFileReference; fileEncoding = 4; lastKnownFileType = text.json; path = landmarkData.json; sourceTree = "<group>"; };
		141D642528D7DC5000AE98F3 /* Landmark.swift */ = {isa = PBXFileReference; lastKnownFileType = sourcecode.swift; path = Landmark.swift; sourceTree = "<group>"; };
		141D642728D7E28800AE98F3 /* ModelData.swift */ = {isa = PBXFileReference; lastKnownFileType = sourcecode.swift; path = ModelData.swift; sourceTree = "<group>"; };
		141FA21628E34B68005190EC /* hikeData.json */ = {isa = PBXFileReference; fileEncoding = 4; lastKnownFileType = text.json; path = hikeData.json; sourceTree = "<group>"; };
		141FA21828E34BC5005190EC /* Hike.swift */ = {isa = PBXFileReference; lastKnownFileType = sourcecode.swift; path = Hike.swift; sourceTree = "<group>"; };
		1425BED828E0994C00C9B15E /* BadgeSymbol.swift */ = {isa = PBXFileReference; lastKnownFileType = sourcecode.swift; path = BadgeSymbol.swift; sourceTree = "<group>"; };
		1434680128F64312008C0384 /* Profile.swift */ = {isa = PBXFileReference; lastKnownFileType = sourcecode.swift; path = Profile.swift; sourceTree = "<group>"; };
		1434680628F64F87008C0384 /* ProfileHost.swift */ = {isa = PBXFileReference; lastKnownFileType = sourcecode.swift; path = ProfileHost.swift; sourceTree = "<group>"; };
		1434680828F650A3008C0384 /* ProfileSummary.swift */ = {isa = PBXFileReference; lastKnownFileType = sourcecode.swift; path = ProfileSummary.swift; sourceTree = "<group>"; };
		1445CF8828DEE3620071FB8E /* HexagonParameters.swift */ = {isa = PBXFileReference; lastKnownFileType = sourcecode.swift; path = HexagonParameters.swift; sourceTree = "<group>"; };
		144C2C8328D83C7800712D44 /* LandmarkRow.swift */ = {isa = PBXFileReference; lastKnownFileType = sourcecode.swift; path = LandmarkRow.swift; sourceTree = "<group>"; };
		144DF9C128E49DA400CECADA /* HikeView.swift */ = {isa = PBXFileReference; fileEncoding = 4; lastKnownFileType = sourcecode.swift; path = HikeView.swift; sourceTree = "<group>"; };
		144DF9C228E49DA400CECADA /* HikeGraph.swift */ = {isa = PBXFileReference; fileEncoding = 4; lastKnownFileType = sourcecode.swift; path = HikeGraph.swift; sourceTree = "<group>"; };
		144DF9C328E49DA400CECADA /* HikeDetail.swift */ = {isa = PBXFileReference; fileEncoding = 4; lastKnownFileType = sourcecode.swift; path = HikeDetail.swift; sourceTree = "<group>"; };
		144DF9C428E49DA400CECADA /* GraphCapsule.swift */ = {isa = PBXFileReference; fileEncoding = 4; lastKnownFileType = sourcecode.swift; path = GraphCapsule.swift; sourceTree = "<group>"; };
		146D205528DB47BB00D0A257 /* LandmarkList.swift */ = {isa = PBXFileReference; lastKnownFileType = sourcecode.swift; path = LandmarkList.swift; sourceTree = "<group>"; };
		146D205928DB4BB300D0A257 /* LandmarkDetail.swift */ = {isa = PBXFileReference; lastKnownFileType = sourcecode.swift; path = LandmarkDetail.swift; sourceTree = "<group>"; };
		147AEC3528DEA47400C6970F /* FavoriteButton.swift */ = {isa = PBXFileReference; lastKnownFileType = sourcecode.swift; path = FavoriteButton.swift; sourceTree = "<group>"; };
		1494325728DF513F0034ACCC /* BadgeBackground.swift */ = {isa = PBXFileReference; lastKnownFileType = sourcecode.swift; path = BadgeBackground.swift; sourceTree = "<group>"; };
		14AF81BD28E1EE2A009B4BE1 /* Badge.swift */ = {isa = PBXFileReference; lastKnownFileType = sourcecode.swift; path = Badge.swift; sourceTree = "<group>"; };
		14AF81BF28E1F0A2009B4BE1 /* RotatedBadgeSymbol.swift */ = {isa = PBXFileReference; lastKnownFileType = sourcecode.swift; path = RotatedBadgeSymbol.swift; sourceTree = "<group>"; };
		14BC2BE928E9D96700226576 /* CategoryRow.swift */ = {isa = PBXFileReference; lastKnownFileType = sourcecode.swift; path = CategoryRow.swift; sourceTree = "<group>"; };
		14BC2BEB28E9E0B600226576 /* CategoryItem.swift */ = {isa = PBXFileReference; lastKnownFileType = sourcecode.swift; path = CategoryItem.swift; sourceTree = "<group>"; };
		14E6777D28D220B100A835D9 /* Landmarks.app */ = {isa = PBXFileReference; explicitFileType = wrapper.application; includeInIndex = 0; path = Landmarks.app; sourceTree = BUILT_PRODUCTS_DIR; };
		14E6778028D220B100A835D9 /* LandmarksApp.swift */ = {isa = PBXFileReference; lastKnownFileType = sourcecode.swift; path = LandmarksApp.swift; sourceTree = "<group>"; };
		14E6778228D220B100A835D9 /* ContentView.swift */ = {isa = PBXFileReference; lastKnownFileType = sourcecode.swift; path = ContentView.swift; sourceTree = "<group>"; };
		14E6778428D220B600A835D9 /* Assets.xcassets */ = {isa = PBXFileReference; lastKnownFileType = folder.assetcatalog; path = Assets.xcassets; sourceTree = "<group>"; };
		14E6778728D220B600A835D9 /* Preview Assets.xcassets */ = {isa = PBXFileReference; lastKnownFileType = folder.assetcatalog; path = "Preview Assets.xcassets"; sourceTree = "<group>"; };
		14F9F5C128E5985000329B5F /* CategoryHome.swift */ = {isa = PBXFileReference; lastKnownFileType = sourcecode.swift; path = CategoryHome.swift; sourceTree = "<group>"; };
/* End PBXFileReference section */

/* Begin PBXFrameworksBuildPhase section */
		14E6777A28D220B100A835D9 /* Frameworks */ = {
			isa = PBXFrameworksBuildPhase;
			buildActionMask = 2147483647;
			files = (
			);
			runOnlyForDeploymentPostprocessing = 0;
		};
/* End PBXFrameworksBuildPhase section */

/* Begin PBXGroup section */
		1434680328F64F3E008C0384 /* Profiles */ = {
			isa = PBXGroup;
			children = (
				1434680628F64F87008C0384 /* ProfileHost.swift */,
				1434680828F650A3008C0384 /* ProfileSummary.swift */,
			);
			path = Profiles;
			sourceTree = "<group>";
		};
		144C2C8028D82D9800712D44 /* Views */ = {
			isa = PBXGroup;
			children = (
				1434680328F64F3E008C0384 /* Profiles */,
				14F9F5C028E5981F00329B5F /* Categories */,
				144DF9C428E49DA400CECADA /* GraphCapsule.swift */,
				144DF9C328E49DA400CECADA /* HikeDetail.swift */,
				144DF9C228E49DA400CECADA /* HikeGraph.swift */,
				144DF9C128E49DA400CECADA /* HikeView.swift */,
				14AF81C128E1F4B6009B4BE1 /* Badge */,
				147AEC3828DEAB8F00C6970F /* Helpers */,
				147AEC3728DEAB6000C6970F /* Landmarks */,
				14E6778228D220B100A835D9 /* ContentView.swift */,
			);
			path = Views;
			sourceTree = "<group>";
		};
		144C2C8128D82DA100712D44 /* Model */ = {
			isa = PBXGroup;
			children = (
				1434680128F64312008C0384 /* Profile.swift */,
				141D642728D7E28800AE98F3 /* ModelData.swift */,
				141D642528D7DC5000AE98F3 /* Landmark.swift */,
			);
			path = Model;
			sourceTree = "<group>";
		};
		144C2C8228D82DC600712D44 /* Resources */ = {
			isa = PBXGroup;
			children = (
				141FA21628E34B68005190EC /* hikeData.json */,
				141D642328D7DB5B00AE98F3 /* landmarkData.json */,
			);
			path = Resources;
			sourceTree = "<group>";
		};
		147AEC3728DEAB6000C6970F /* Landmarks */ = {
			isa = PBXGroup;
			children = (
				146D205528DB47BB00D0A257 /* LandmarkList.swift */,
				144C2C8328D83C7800712D44 /* LandmarkRow.swift */,
				146D205928DB4BB300D0A257 /* LandmarkDetail.swift */,
			);
			path = Landmarks;
			sourceTree = "<group>";
		};
		147AEC3828DEAB8F00C6970F /* Helpers */ = {
			isa = PBXGroup;
			children = (
				1418FEC828D5E36900ADB146 /* CircleImage.swift */,
				147AEC3528DEA47400C6970F /* FavoriteButton.swift */,
				1418FECC28D60AF300ADB146 /* MapView.swift */,
			);
			path = Helpers;
			sourceTree = "<group>";
		};
		14AF81C128E1F4B6009B4BE1 /* Badge */ = {
			isa = PBXGroup;
			children = (
				14AF81BF28E1F0A2009B4BE1 /* RotatedBadgeSymbol.swift */,
				1445CF8828DEE3620071FB8E /* HexagonParameters.swift */,
				1494325728DF513F0034ACCC /* BadgeBackground.swift */,
				1425BED828E0994C00C9B15E /* BadgeSymbol.swift */,
				14AF81BD28E1EE2A009B4BE1 /* Badge.swift */,
				1402411928F6CCBD002FB354 /* HikeBadge.swift */,
			);
			path = Badge;
			sourceTree = "<group>";
		};
		14E6777428D220B100A835D9 = {
			isa = PBXGroup;
			children = (
				14E6777F28D220B100A835D9 /* Landmarks */,
				14E6777E28D220B100A835D9 /* Products */,
			);
			sourceTree = "<group>";
		};
		14E6777E28D220B100A835D9 /* Products */ = {
			isa = PBXGroup;
			children = (
				14E6777D28D220B100A835D9 /* Landmarks.app */,
			);
			name = Products;
			sourceTree = "<group>";
		};
		14E6777F28D220B100A835D9 /* Landmarks */ = {
			isa = PBXGroup;
			children = (
				144C2C8028D82D9800712D44 /* Views */,
				144C2C8128D82DA100712D44 /* Model */,
				144C2C8228D82DC600712D44 /* Resources */,
				14E6778028D220B100A835D9 /* LandmarksApp.swift */,
				14E6778428D220B600A835D9 /* Assets.xcassets */,
				14E6778628D220B600A835D9 /* Preview Content */,
				141FA21828E34BC5005190EC /* Hike.swift */,
			);
			path = Landmarks;
			sourceTree = "<group>";
		};
		14E6778628D220B600A835D9 /* Preview Content */ = {
			isa = PBXGroup;
			children = (
				14E6778728D220B600A835D9 /* Preview Assets.xcassets */,
			);
			path = "Preview Content";
			sourceTree = "<group>";
		};
		14F9F5C028E5981F00329B5F /* Categories */ = {
			isa = PBXGroup;
			children = (
				14F9F5C128E5985000329B5F /* CategoryHome.swift */,
				14BC2BE928E9D96700226576 /* CategoryRow.swift */,
				14BC2BEB28E9E0B600226576 /* CategoryItem.swift */,
			);
			path = Categories;
			sourceTree = "<group>";
		};
/* End PBXGroup section */

/* Begin PBXNativeTarget section */
		14E6777C28D220B100A835D9 /* Landmarks */ = {
			isa = PBXNativeTarget;
			buildConfigurationList = 14E6778B28D220B600A835D9 /* Build configuration list for PBXNativeTarget "Landmarks" */;
			buildPhases = (
				14E6777928D220B100A835D9 /* Sources */,
				14E6777A28D220B100A835D9 /* Frameworks */,
				14E6777B28D220B100A835D9 /* Resources */,
			);
			buildRules = (
			);
			dependencies = (
			);
			name = Landmarks;
			productName = Landmarks;
			productReference = 14E6777D28D220B100A835D9 /* Landmarks.app */;
			productType = "com.apple.product-type.application";
		};
/* End PBXNativeTarget section */

/* Begin PBXProject section */
		14E6777528D220B100A835D9 /* Project object */ = {
			isa = PBXProject;
			attributes = {
				BuildIndependentTargetsInParallel = 1;
				LastSwiftUpdateCheck = 1340;
				LastUpgradeCheck = 1340;
				TargetAttributes = {
					14E6777C28D220B100A835D9 = {
						CreatedOnToolsVersion = 13.4.1;
					};
				};
			};
			buildConfigurationList = 14E6777828D220B100A835D9 /* Build configuration list for PBXProject "Landmarks" */;
			compatibilityVersion = "Xcode 13.0";
			developmentRegion = en;
			hasScannedForEncodings = 0;
			knownRegions = (
				en,
				Base,
			);
			mainGroup = 14E6777428D220B100A835D9;
			productRefGroup = 14E6777E28D220B100A835D9 /* Products */;
			projectDirPath = "";
			projectRoot = "";
			targets = (
				14E6777C28D220B100A835D9 /* Landmarks */,
			);
		};
/* End PBXProject section */

/* Begin PBXResourcesBuildPhase section */
		14E6777B28D220B100A835D9 /* Resources */ = {
			isa = PBXResourcesBuildPhase;
			buildActionMask = 2147483647;
			files = (
				141FA21728E34B68005190EC /* hikeData.json in Resources */,
				14E6778828D220B600A835D9 /* Preview Assets.xcassets in Resources */,
				14E6778528D220B600A835D9 /* Assets.xcassets in Resources */,
				141D642428D7DB5B00AE98F3 /* landmarkData.json in Resources */,
			);
			runOnlyForDeploymentPostprocessing = 0;
		};
/* End PBXResourcesBuildPhase section */

/* Begin PBXSourcesBuildPhase section */
		14E6777928D220B100A835D9 /* Sources */ = {
			isa = PBXSourcesBuildPhase;
			buildActionMask = 2147483647;
			files = (
				14BC2BEA28E9D96700226576 /* CategoryRow.swift in Sources */,
				1434680228F64312008C0384 /* Profile.swift in Sources */,
				144DF9C828E49DA400CECADA /* GraphCapsule.swift in Sources */,
				14F9F5C228E5985100329B5F /* CategoryHome.swift in Sources */,
				14E6778328D220B100A835D9 /* ContentView.swift in Sources */,
				144DF9C628E49DA400CECADA /* HikeGraph.swift in Sources */,
				1418FECD28D60AF300ADB146 /* MapView.swift in Sources */,
				14E6778128D220B100A835D9 /* LandmarksApp.swift in Sources */,
				14AF81C028E1F0A2009B4BE1 /* RotatedBadgeSymbol.swift in Sources */,
				147AEC3628DEA47400C6970F /* FavoriteButton.swift in Sources */,
				14BC2BEC28E9E0B600226576 /* CategoryItem.swift in Sources */,
				144DF9C528E49DA400CECADA /* HikeView.swift in Sources */,
				1434680928F650A4008C0384 /* ProfileSummary.swift in Sources */,
				144DF9C728E49DA400CECADA /* HikeDetail.swift in Sources */,
				1434680728F64F87008C0384 /* ProfileHost.swift in Sources */,
				1445CF8928DEE3620071FB8E /* HexagonParameters.swift in Sources */,
				141FA21928E34BC5005190EC /* Hike.swift in Sources */,
				1425BED928E0994C00C9B15E /* BadgeSymbol.swift in Sources */,
				146D205628DB47BB00D0A257 /* LandmarkList.swift in Sources */,
				14AF81BE28E1EE2A009B4BE1 /* Badge.swift in Sources */,
				146D205A28DB4BB300D0A257 /* LandmarkDetail.swift in Sources */,
				1494325828DF513F0034ACCC /* BadgeBackground.swift in Sources */,
				1402411A28F6CCBD002FB354 /* HikeBadge.swift in Sources */,
				1418FEC928D5E36900ADB146 /* CircleImage.swift in Sources */,
				141D642628D7DC5000AE98F3 /* Landmark.swift in Sources */,
				144C2C8428D83C7800712D44 /* LandmarkRow.swift in Sources */,
				141D642828D7E28800AE98F3 /* ModelData.swift in Sources */,
			);
			runOnlyForDeploymentPostprocessing = 0;
		};
/* End PBXSourcesBuildPhase section */

/* Begin XCBuildConfiguration section */
		14E6778928D220B600A835D9 /* Debug */ = {
			isa = XCBuildConfiguration;
			buildSettings = {
				ALWAYS_SEARCH_USER_PATHS = NO;
				CLANG_ANALYZER_NONNULL = YES;
				CLANG_ANALYZER_NUMBER_OBJECT_CONVERSION = YES_AGGRESSIVE;
				CLANG_CXX_LANGUAGE_STANDARD = "gnu++17";
				CLANG_ENABLE_MODULES = YES;
				CLANG_ENABLE_OBJC_ARC = YES;
				CLANG_ENABLE_OBJC_WEAK = YES;
				CLANG_WARN_BLOCK_CAPTURE_AUTORELEASING = YES;
				CLANG_WARN_BOOL_CONVERSION = YES;
				CLANG_WARN_COMMA = YES;
				CLANG_WARN_CONSTANT_CONVERSION = YES;
				CLANG_WARN_DEPRECATED_OBJC_IMPLEMENTATIONS = YES;
				CLANG_WARN_DIRECT_OBJC_ISA_USAGE = YES_ERROR;
				CLANG_WARN_DOCUMENTATION_COMMENTS = YES;
				CLANG_WARN_EMPTY_BODY = YES;
				CLANG_WARN_ENUM_CONVERSION = YES;
				CLANG_WARN_INFINITE_RECURSION = YES;
				CLANG_WARN_INT_CONVERSION = YES;
				CLANG_WARN_NON_LITERAL_NULL_CONVERSION = YES;
				CLANG_WARN_OBJC_IMPLICIT_RETAIN_SELF = YES;
				CLANG_WARN_OBJC_LITERAL_CONVERSION = YES;
				CLANG_WARN_OBJC_ROOT_CLASS = YES_ERROR;
				CLANG_WARN_QUOTED_INCLUDE_IN_FRAMEWORK_HEADER = YES;
				CLANG_WARN_RANGE_LOOP_ANALYSIS = YES;
				CLANG_WARN_STRICT_PROTOTYPES = YES;
				CLANG_WARN_SUSPICIOUS_MOVE = YES;
				CLANG_WARN_UNGUARDED_AVAILABILITY = YES_AGGRESSIVE;
				CLANG_WARN_UNREACHABLE_CODE = YES;
				CLANG_WARN__DUPLICATE_METHOD_MATCH = YES;
				COPY_PHASE_STRIP = NO;
				DEBUG_INFORMATION_FORMAT = dwarf;
				ENABLE_STRICT_OBJC_MSGSEND = YES;
				ENABLE_TESTABILITY = YES;
				GCC_C_LANGUAGE_STANDARD = gnu11;
				GCC_DYNAMIC_NO_PIC = NO;
				GCC_NO_COMMON_BLOCKS = YES;
				GCC_OPTIMIZATION_LEVEL = 0;
				GCC_PREPROCESSOR_DEFINITIONS = (
					"DEBUG=1",
					"$(inherited)",
				);
				GCC_WARN_64_TO_32_BIT_CONVERSION = YES;
				GCC_WARN_ABOUT_RETURN_TYPE = YES_ERROR;
				GCC_WARN_UNDECLARED_SELECTOR = YES;
				GCC_WARN_UNINITIALIZED_AUTOS = YES_AGGRESSIVE;
				GCC_WARN_UNUSED_FUNCTION = YES;
				GCC_WARN_UNUSED_VARIABLE = YES;
				IPHONEOS_DEPLOYMENT_TARGET = 15.5;
				MTL_ENABLE_DEBUG_INFO = INCLUDE_SOURCE;
				MTL_FAST_MATH = YES;
				ONLY_ACTIVE_ARCH = YES;
				SDKROOT = iphoneos;
				SWIFT_ACTIVE_COMPILATION_CONDITIONS = DEBUG;
				SWIFT_OPTIMIZATION_LEVEL = "-Onone";
			};
			name = Debug;
		};
		14E6778A28D220B600A835D9 /* Release */ = {
			isa = XCBuildConfiguration;
			buildSettings = {
				ALWAYS_SEARCH_USER_PATHS = NO;
				CLANG_ANALYZER_NONNULL = YES;
				CLANG_ANALYZER_NUMBER_OBJECT_CONVERSION = YES_AGGRESSIVE;
				CLANG_CXX_LANGUAGE_STANDARD = "gnu++17";
				CLANG_ENABLE_MODULES = YES;
				CLANG_ENABLE_OBJC_ARC = YES;
				CLANG_ENABLE_OBJC_WEAK = YES;
				CLANG_WARN_BLOCK_CAPTURE_AUTORELEASING = YES;
				CLANG_WARN_BOOL_CONVERSION = YES;
				CLANG_WARN_COMMA = YES;
				CLANG_WARN_CONSTANT_CONVERSION = YES;
				CLANG_WARN_DEPRECATED_OBJC_IMPLEMENTATIONS = YES;
				CLANG_WARN_DIRECT_OBJC_ISA_USAGE = YES_ERROR;
				CLANG_WARN_DOCUMENTATION_COMMENTS = YES;
				CLANG_WARN_EMPTY_BODY = YES;
				CLANG_WARN_ENUM_CONVERSION = YES;
				CLANG_WARN_INFINITE_RECURSION = YES;
				CLANG_WARN_INT_CONVERSION = YES;
				CLANG_WARN_NON_LITERAL_NULL_CONVERSION = YES;
				CLANG_WARN_OBJC_IMPLICIT_RETAIN_SELF = YES;
				CLANG_WARN_OBJC_LITERAL_CONVERSION = YES;
				CLANG_WARN_OBJC_ROOT_CLASS = YES_ERROR;
				CLANG_WARN_QUOTED_INCLUDE_IN_FRAMEWORK_HEADER = YES;
				CLANG_WARN_RANGE_LOOP_ANALYSIS = YES;
				CLANG_WARN_STRICT_PROTOTYPES = YES;
				CLANG_WARN_SUSPICIOUS_MOVE = YES;
				CLANG_WARN_UNGUARDED_AVAILABILITY = YES_AGGRESSIVE;
				CLANG_WARN_UNREACHABLE_CODE = YES;
				CLANG_WARN__DUPLICATE_METHOD_MATCH = YES;
				COPY_PHASE_STRIP = NO;
				DEBUG_INFORMATION_FORMAT = "dwarf-with-dsym";
				ENABLE_NS_ASSERTIONS = NO;
				ENABLE_STRICT_OBJC_MSGSEND = YES;
				GCC_C_LANGUAGE_STANDARD = gnu11;
				GCC_NO_COMMON_BLOCKS = YES;
				GCC_WARN_64_TO_32_BIT_CONVERSION = YES;
				GCC_WARN_ABOUT_RETURN_TYPE = YES_ERROR;
				GCC_WARN_UNDECLARED_SELECTOR = YES;
				GCC_WARN_UNINITIALIZED_AUTOS = YES_AGGRESSIVE;
				GCC_WARN_UNUSED_FUNCTION = YES;
				GCC_WARN_UNUSED_VARIABLE = YES;
				IPHONEOS_DEPLOYMENT_TARGET = 15.5;
				MTL_ENABLE_DEBUG_INFO = NO;
				MTL_FAST_MATH = YES;
				SDKROOT = iphoneos;
				SWIFT_COMPILATION_MODE = wholemodule;
				SWIFT_OPTIMIZATION_LEVEL = "-O";
				VALIDATE_PRODUCT = YES;
			};
			name = Release;
		};
		14E6778C28D220B600A835D9 /* Debug */ = {
			isa = XCBuildConfiguration;
			buildSettings = {
				ASSETCATALOG_COMPILER_APPICON_NAME = AppIcon;
				ASSETCATALOG_COMPILER_GLOBAL_ACCENT_COLOR_NAME = AccentColor;
				CODE_SIGN_STYLE = Automatic;
				CURRENT_PROJECT_VERSION = 1;
				DEVELOPMENT_ASSET_PATHS = "\"Landmarks/Preview Content\"";
				ENABLE_PREVIEWS = YES;
				GENERATE_INFOPLIST_FILE = YES;
				INFOPLIST_KEY_UIApplicationSceneManifest_Generation = YES;
				INFOPLIST_KEY_UIApplicationSupportsIndirectInputEvents = YES;
				INFOPLIST_KEY_UILaunchScreen_Generation = YES;
				INFOPLIST_KEY_UISupportedInterfaceOrientations_iPad = "UIInterfaceOrientationPortrait UIInterfaceOrientationPortraitUpsideDown UIInterfaceOrientationLandscapeLeft UIInterfaceOrientationLandscapeRight";
				INFOPLIST_KEY_UISupportedInterfaceOrientations_iPhone = "UIInterfaceOrientationPortrait UIInterfaceOrientationLandscapeLeft UIInterfaceOrientationLandscapeRight";
				LD_RUNPATH_SEARCH_PATHS = (
					"$(inherited)",
					"@executable_path/Frameworks",
				);
				MARKETING_VERSION = 1.0;
				PRODUCT_BUNDLE_IDENTIFIER = com.exampswift.Landmarks;
				PRODUCT_NAME = "$(TARGET_NAME)";
				SWIFT_EMIT_LOC_STRINGS = YES;
				SWIFT_VERSION = 5.0;
				TARGETED_DEVICE_FAMILY = "1,2";
			};
			name = Debug;
		};
		14E6778D28D220B600A835D9 /* Release */ = {
			isa = XCBuildConfiguration;
			buildSettings = {
				ASSETCATALOG_COMPILER_APPICON_NAME = AppIcon;
				ASSETCATALOG_COMPILER_GLOBAL_ACCENT_COLOR_NAME = AccentColor;
				CODE_SIGN_STYLE = Automatic;
				CURRENT_PROJECT_VERSION = 1;
				DEVELOPMENT_ASSET_PATHS = "\"Landmarks/Preview Content\"";
				ENABLE_PREVIEWS = YES;
				GENERATE_INFOPLIST_FILE = YES;
				INFOPLIST_KEY_UIApplicationSceneManifest_Generation = YES;
				INFOPLIST_KEY_UIApplicationSupportsIndirectInputEvents = YES;
				INFOPLIST_KEY_UILaunchScreen_Generation = YES;
				INFOPLIST_KEY_UISupportedInterfaceOrientations_iPad = "UIInterfaceOrientationPortrait UIInterfaceOrientationPortraitUpsideDown UIInterfaceOrientationLandscapeLeft UIInterfaceOrientationLandscapeRight";
				INFOPLIST_KEY_UISupportedInterfaceOrientations_iPhone = "UIInterfaceOrientationPortrait UIInterfaceOrientationLandscapeLeft UIInterfaceOrientationLandscapeRight";
				LD_RUNPATH_SEARCH_PATHS = (
					"$(inherited)",
					"@executable_path/Frameworks",
				);
				MARKETING_VERSION = 1.0;
				PRODUCT_BUNDLE_IDENTIFIER = com.exampswift.Landmarks;
				PRODUCT_NAME = "$(TARGET_NAME)";
				SWIFT_EMIT_LOC_STRINGS = YES;
				SWIFT_VERSION = 5.0;
				TARGETED_DEVICE_FAMILY = "1,2";
			};
			name = Release;
		};
/* End XCBuildConfiguration section */

/* Begin XCConfigurationList section */
		14E6777828D220B100A835D9 /* Build configuration list for PBXProject "Landmarks" */ = {
			isa = XCConfigurationList;
			buildConfigurations = (
				14E6778928D220B600A835D9 /* Debug */,
				14E6778A28D220B600A835D9 /* Release */,
			);
			defaultConfigurationIsVisible = 0;
			defaultConfigurationName = Release;
		};
		14E6778B28D220B600A835D9 /* Build configuration list for PBXNativeTarget "Landmarks" */ = {
			isa = XCConfigurationList;
			buildConfigurations = (
				14E6778C28D220B600A835D9 /* Debug */,
				14E6778D28D220B600A835D9 /* Release */,
			);
			defaultConfigurationIsVisible = 0;
			defaultConfigurationName = Release;
		};
/* End XCConfigurationList section */
	};
	rootObject = 14E6777528D220B100A835D9 /* Project object */;
}
